
Microsoft Visual Studio Solution File, Format Version 12.00
# Visual Studio 14
VisualStudioVersion = 14.0.25420.1
MinimumVisualStudioVersion = 10.0.40219.1
Project("{FAE04EC0-301F-11D3-BF4B-00C04F79EFBC}") = "DataAccess", "DataAccess\DataAccess.csproj", "{BB6D0BFF-9EBC-4059-80BF-8461DAFBB892}"
EndProject
Project("{FAE04EC0-301F-11D3-BF4B-00C04F79EFBC}") = "SchedulerApp", "SchedulerApp\SchedulerApp.csproj", "{30FB64AD-3D07-4059-B36B-40813A63FDD0}"
EndProject
Global
	GlobalSection(SolutionConfigurationPlatforms) = preSolution
		Debug|Any CPU = Debug|Any CPU
		Debug|ARM = Debug|ARM
		Debug|x64 = Debug|x64
		Debug|x86 = Debug|x86
		Release|Any CPU = Release|Any CPU
		Release|ARM = Release|ARM
		Release|x64 = Release|x64
		Release|x86 = Release|x86
	EndGlobalSection
	GlobalSection(ProjectConfigurationPlatforms) = postSolution
		{BB6D0BFF-9EBC-4059-80BF-8461DAFBB892}.Debug|Any CPU.ActiveCfg = Debug|Any CPU
		{BB6D0BFF-9EBC-4059-80BF-8461DAFBB892}.Debug|Any CPU.Build.0 = Debug|Any CPU
		{BB6D0BFF-9EBC-4059-80BF-8461DAFBB892}.Debug|ARM.ActiveCfg = Debug|ARM
		{BB6D0BFF-9EBC-4059-80BF-8461DAFBB892}.Debug|ARM.Build.0 = Debug|ARM
		{BB6D0BFF-9EBC-4059-80BF-8461DAFBB892}.Debug|x64.ActiveCfg = Debug|x64
		{BB6D0BFF-9EBC-4059-80BF-8461DAFBB892}.Debug|x64.Build.0 = Debug|x64
		{BB6D0BFF-9EBC-4059-80BF-8461DAFBB892}.Debug|x86.ActiveCfg = Debug|x86
		{BB6D0BFF-9EBC-4059-80BF-8461DAFBB892}.Debug|x86.Build.0 = Debug|x86
		{BB6D0BFF-9EBC-4059-80BF-8461DAFBB892}.Release|Any CPU.ActiveCfg = Release|Any CPU
		{BB6D0BFF-9EBC-4059-80BF-8461DAFBB892}.Release|Any CPU.Build.0 = Release|Any CPU
		{BB6D0BFF-9EBC-4059-80BF-8461DAFBB892}.Release|ARM.ActiveCfg = Release|ARM
		{BB6D0BFF-9EBC-4059-80BF-8461DAFBB892}.Release|ARM.Build.0 = Release|ARM
		{BB6D0BFF-9EBC-4059-80BF-8461DAFBB892}.Release|x64.ActiveCfg = Release|x64
		{BB6D0BFF-9EBC-4059-80BF-8461DAFBB892}.Release|x64.Build.0 = Release|x64
		{BB6D0BFF-9EBC-4059-80BF-8461DAFBB892}.Release|x86.ActiveCfg = Release|x86
		{BB6D0BFF-9EBC-4059-80BF-8461DAFBB892}.Release|x86.Build.0 = Release|x86
		{30FB64AD-3D07-4059-B36B-40813A63FDD0}.Debug|Any CPU.ActiveCfg = Debug|x86
		{30FB64AD-3D07-4059-B36B-40813A63FDD0}.Debug|ARM.ActiveCfg = Debug|ARM
		{30FB64AD-3D07-4059-B36B-40813A63FDD0}.Debug|ARM.Build.0 = Debug|ARM
		{30FB64AD-3D07-4059-B36B-40813A63FDD0}.Debug|ARM.Deploy.0 = Debug|ARM
		{30FB64AD-3D07-4059-B36B-40813A63FDD0}.Debug|x64.ActiveCfg = Debug|x64
		{30FB64AD-3D07-4059-B36B-40813A63FDD0}.Debug|x64.Build.0 = Debug|x64
		{30FB64AD-3D07-4059-B36B-40813A63FDD0}.Debug|x64.Deploy.0 = Debug|x64
		{30FB64AD-3D07-4059-B36B-40813A63FDD0}.Debug|x86.ActiveCfg = Debug|x86
		{30FB64AD-3D07-4059-B36B-40813A63FDD0}.Debug|x86.Build.0 = Debug|x86
		{30FB64AD-3D07-4059-B36B-40813A63FDD0}.Debug|x86.Deploy.0 = Debug|x86
		{30FB64AD-3D07-4059-B36B-40813A63FDD0}.Release|Any CPU.ActiveCfg = Release|x86
		{30FB64AD-3D07-4059-B36B-40813A63FDD0}.Release|ARM.ActiveCfg = Release|ARM
		{30FB64AD-3D07-4059-B36B-40813A63FDD0}.Release|ARM.Build.0 = Release|ARM
		{30FB64AD-3D07-4059-B36B-40813A63FDD0}.Release|ARM.Deploy.0 = Release|ARM
		{30FB64AD-3D07-4059-B36B-40813A63FDD0}.Release|x64.ActiveCfg = Release|x64
		{30FB64AD-3D07-4059-B36B-40813A63FDD0}.Release|x64.Build.0 = Release|x64
		{30FB64AD-3D07-4059-B36B-40813A63FDD0}.Release|x64.Deploy.0 = Release|x64
		{30FB64AD-3D07-4059-B36B-40813A63FDD0}.Release|x86.ActiveCfg = Release|x86
		{30FB64AD-3D07-4059-B36B-40813A63FDD0}.Release|x86.Build.0 = Release|x86
		{30FB64AD-3D07-4059-B36B-40813A63FDD0}.Release|x86.Deploy.0 = Release|x86
	EndGlobalSection
	GlobalSection(SolutionProperties) = preSolution
		HideSolutionNode = FALSE
	EndGlobalSection
EndGlobal
